;;;;;;;;;;;;;;;;;;;;;;;;;;;;;;;;;;;;;;;;;;;;;;;;;;;;;;;;;;;;;;;;;;;;;;;;;;;;;;;;
;; This is autogenerated by CLPM. Do not edit by hand.
;;;;;;;;;;;;;;;;;;;;;;;;;;;;;;;;;;;;;;;;;;;;;;;;;;;;;;;;;;;;;;;;;;;;;;;;;;;;;;;;

(:api-version "0.3")

;;;;;;;;;;;;;;;;;;;;;;;;;;;;;;;;;;;;;;;;;;;;;;;;;;;;;;;;;;;;;;;;;;;;;;;;;;;;;;;;
;; BEGIN SOURCES
;;;;;;;;;;;;;;;;;;;;;;;;;;;;;;;;;;;;;;;;;;;;;;;;;;;;;;;;;;;;;;;;;;;;;;;;;;;;;;;;

:sources
(:implicit-file :type :file-system :system-files
 ("adopt-subcommands-test.asd" "adopt-subcommands.asd"))
(:implicit-vcs :type :vcs :projects nil)
("mers" :url "https://clpi.mers.group/" :type :clpi)
("quicklisp" :url "https://quicklisp.common-lisp-project-index.org/" :type
 :ql-clpi)
("quicklisp-slow" :url "https://beta.quicklisp.org/dist/quicklisp.txt" :type
 :quicklisp)


;;;;;;;;;;;;;;;;;;;;;;;;;;;;;;;;;;;;;;;;;;;;;;;;;;;;;;;;;;;;;;;;;;;;;;;;;;;;;;;;
;; BEGIN REQUIREMENTS
;;;;;;;;;;;;;;;;;;;;;;;;;;;;;;;;;;;;;;;;;;;;;;;;;;;;;;;;;;;;;;;;;;;;;;;;;;;;;;;;

:requirements
(:asd-file :name "adopt-subcommands-test.asd")
(:asd-file :name "adopt-subcommands.asd")


;;;;;;;;;;;;;;;;;;;;;;;;;;;;;;;;;;;;;;;;;;;;;;;;;;;;;;;;;;;;;;;;;;;;;;;;;;;;;;;;
;; BEGIN RELEASES
;;;;;;;;;;;;;;;;;;;;;;;;;;;;;;;;;;;;;;;;;;;;;;;;;;;;;;;;;;;;;;;;;;;;;;;;;;;;;;;;

:releases
("adopt" :version "2020-12-20" :source "quicklisp" :systems ("adopt"))
("adopt-subcommands-test.asd" :version :newest :source :implicit-file :systems
 ("adopt-subcommands-test"))
("adopt-subcommands.asd" :version :newest :source :implicit-file :systems
 ("adopt-subcommands" "adopt-subcommands/adopt-subcommands"
  "adopt-subcommands/subcommand-interface"))
("alexandria" :version "2021-04-11" :source "quicklisp" :systems ("alexandria"))
("asdf-flv" :version "2016-04-21" :source "quicklisp" :systems
 ("net.didierverna.asdf-flv"))
("bobbin" :version "2020-10-16" :source "quicklisp" :systems ("bobbin"))
("fiveam" :version "2020-09-25" :source "quicklisp" :systems ("fiveam"))
("split-sequence" :version "2019-05-21" :source "quicklisp" :systems
 ("split-sequence"))
("trivial-backtrace" :version "2020-06-10" :source "quicklisp" :systems
 ("trivial-backtrace"))


;;;;;;;;;;;;;;;;;;;;;;;;;;;;;;;;;;;;;;;;;;;;;;;;;;;;;;;;;;;;;;;;;;;;;;;;;;;;;;;;
;; BEGIN REVERSE-DEPENDENCIES
;;;;;;;;;;;;;;;;;;;;;;;;;;;;;;;;;;;;;;;;;;;;;;;;;;;;;;;;;;;;;;;;;;;;;;;;;;;;;;;;

:reverse-dependencies
("adopt"
 ((:system :name "adopt-subcommands/subcommand-interface")
  (:system :name "adopt"))
 ((:system :name "adopt-subcommands/adopt-subcommands")
  (:system :name "adopt")))

("adopt-subcommands-test.asd"
 (t (:asd-file :name "adopt-subcommands-test.asd")))

("adopt-subcommands.asd"
 ((:system :name "adopt-subcommands-test") (:system :name "adopt-subcommands"))
 ((:system :name "adopt-subcommands")
  (:system :name "adopt-subcommands/adopt-subcommands"))
 (t (:asd-file :name "adopt-subcommands.asd")))

("alexandria" ((:system :name "fiveam") (:system :name "alexandria")))

("asdf-flv"
 ((:system :name "fiveam") (:system :name "net.didierverna.asdf-flv")))

("bobbin" ((:system :name "adopt") (:system :name "bobbin")))

("fiveam" ((:system :name "adopt-subcommands-test") (:system :name "fiveam")))

("split-sequence" ((:system :name "bobbin") (:system :name "split-sequence"))
 ((:system :name "adopt-subcommands/adopt-subcommands")
  (:system :name "split-sequence"))
 ((:system :name "adopt") (:system :name "split-sequence")))

("trivial-backtrace"
 ((:system :name "fiveam") (:system :name "trivial-backtrace")))

